
Microsoft Visual Studio Solution File, Format Version 12.00
# Visual Studio Version 16
VisualStudioVersion = 16.0.30907.101
MinimumVisualStudioVersion = 10.0.40219.1
Project("{FAE04EC0-301F-11D3-BF4B-00C04F79EFBC}") = "EJER2", "EJER2\EJER2.csproj", "{3DA9BC2D-820E-430F-BC58-FF3BE8840589}"
EndProject
Global
	GlobalSection(SolutionConfigurationPlatforms) = preSolution
		Debug|Any CPU = Debug|Any CPU
		Release|Any CPU = Release|Any CPU
	EndGlobalSection
	GlobalSection(ProjectConfigurationPlatforms) = postSolution
		{3DA9BC2D-820E-430F-BC58-FF3BE8840589}.Debug|Any CPU.ActiveCfg = Debug|Any CPU
		{3DA9BC2D-820E-430F-BC58-FF3BE8840589}.Debug|Any CPU.Build.0 = Debug|Any CPU
		{3DA9BC2D-820E-430F-BC58-FF3BE8840589}.Release|Any CPU.ActiveCfg = Release|Any CPU
		{3DA9BC2D-820E-430F-BC58-FF3BE8840589}.Release|Any CPU.Build.0 = Release|Any CPU
	EndGlobalSection
	GlobalSection(SolutionProperties) = preSolution
		HideSolutionNode = FALSE
	EndGlobalSection
	GlobalSection(ExtensibilityGlobals) = postSolution
		SolutionGuid = {EAF7953D-207A-4742-8E47-BAA4E0DD6D17}
	EndGlobalSection
EndGlobal
